
Microsoft Visual Studio Solution File, Format Version 12.00
# Visual Studio Version 17
VisualStudioVersion = 17.12.35707.178
MinimumVisualStudioVersion = 10.0.40219.1
Project("{FAE04EC0-301F-11D3-BF4B-00C04F79EFBC}") = "Wavy.basica", "Wavy\Wavy.basica.csproj", "{66AD3EF4-E8A7-4BAF-9E13-19E97EC4603D}"
EndProject
Project("{FAE04EC0-301F-11D3-BF4B-00C04F79EFBC}") = "Agregador", "Agregador\Agregador.csproj", "{BE5083C7-4CB4-45D7-B1D0-228F95FD9A09}"
EndProject
Project("{FAE04EC0-301F-11D3-BF4B-00C04F79EFBC}") = "Wavy.pro", "Wavy.pro\Wavy.pro.csproj", "{E9C2836F-A9A5-47D6-AF94-311C58F5A452}"
EndProject
Project("{FAE04EC0-301F-11D3-BF4B-00C04F79EFBC}") = "Wavy.metereologica", "Wavy.metereologica\Wavy.metereologica.csproj", "{4A92590B-4C5B-49A2-A761-592C57A8DCE2}"
EndProject
Project("{FAE04EC0-301F-11D3-BF4B-00C04F79EFBC}") = "Servidor20", "Servidor 2.0\Servidor20.csproj", "{95899FE2-766A-4DC2-AE1A-EA26EB48508C}"
EndProject
Project("{FAE04EC0-301F-11D3-BF4B-00C04F79EFBC}") = "Gestor", "Gestor\Gestor.csproj", "{1935F064-00BA-443A-BD41-9E534FF81418}"
EndProject
Project("{2150E333-8FDC-42A3-9474-1A3956D46DE8}") = "Protos", "Protos", "{BA0F7F5C-EC98-4798-BBEA-94E6BB81AE7B}"
	ProjectSection(SolutionItems) = preProject
		analyze.proto = analyze.proto
		preprocess.proto = preprocess.proto
	EndProjectSection
EndProject
Project("{FAE04EC0-301F-11D3-BF4B-00C04F79EFBC}") = "PreprocessingService", "PreprocessingService\PreprocessingService.csproj", "{C3659C3B-FD44-4A78-99C7-45E6ABB07650}"
EndProject
Project("{FAE04EC0-301F-11D3-BF4B-00C04F79EFBC}") = "AnalysisService", "AnalysisService\AnalysisService.csproj", "{36AC0019-029A-4041-957F-018CB8310D18}"
EndProject
Project("{FAE04EC0-301F-11D3-BF4B-00C04F79EFBC}") = "Servidor20.UI", "Servidor20.UI\Servidor20.UI.csproj", "{3C60A065-4BE6-4A32-B8C3-00A2C59FE0BB}"
EndProject
Global
	GlobalSection(SolutionConfigurationPlatforms) = preSolution
		Debug|Any CPU = Debug|Any CPU
		Debug|x64 = Debug|x64
		Debug|x86 = Debug|x86
		Release|Any CPU = Release|Any CPU
		Release|x64 = Release|x64
		Release|x86 = Release|x86
	EndGlobalSection
	GlobalSection(ProjectConfigurationPlatforms) = postSolution
		{66AD3EF4-E8A7-4BAF-9E13-19E97EC4603D}.Debug|Any CPU.ActiveCfg = Debug|Any CPU
		{66AD3EF4-E8A7-4BAF-9E13-19E97EC4603D}.Debug|Any CPU.Build.0 = Debug|Any CPU
		{66AD3EF4-E8A7-4BAF-9E13-19E97EC4603D}.Debug|x64.ActiveCfg = Debug|Any CPU
		{66AD3EF4-E8A7-4BAF-9E13-19E97EC4603D}.Debug|x64.Build.0 = Debug|Any CPU
		{66AD3EF4-E8A7-4BAF-9E13-19E97EC4603D}.Debug|x86.ActiveCfg = Debug|Any CPU
		{66AD3EF4-E8A7-4BAF-9E13-19E97EC4603D}.Debug|x86.Build.0 = Debug|Any CPU
		{66AD3EF4-E8A7-4BAF-9E13-19E97EC4603D}.Release|Any CPU.ActiveCfg = Release|Any CPU
		{66AD3EF4-E8A7-4BAF-9E13-19E97EC4603D}.Release|Any CPU.Build.0 = Release|Any CPU
		{66AD3EF4-E8A7-4BAF-9E13-19E97EC4603D}.Release|x64.ActiveCfg = Release|Any CPU
		{66AD3EF4-E8A7-4BAF-9E13-19E97EC4603D}.Release|x64.Build.0 = Release|Any CPU
		{66AD3EF4-E8A7-4BAF-9E13-19E97EC4603D}.Release|x86.ActiveCfg = Release|Any CPU
		{66AD3EF4-E8A7-4BAF-9E13-19E97EC4603D}.Release|x86.Build.0 = Release|Any CPU
		{BE5083C7-4CB4-45D7-B1D0-228F95FD9A09}.Debug|Any CPU.ActiveCfg = Debug|Any CPU
		{BE5083C7-4CB4-45D7-B1D0-228F95FD9A09}.Debug|Any CPU.Build.0 = Debug|Any CPU
		{BE5083C7-4CB4-45D7-B1D0-228F95FD9A09}.Debug|x64.ActiveCfg = Debug|Any CPU
		{BE5083C7-4CB4-45D7-B1D0-228F95FD9A09}.Debug|x64.Build.0 = Debug|Any CPU
		{BE5083C7-4CB4-45D7-B1D0-228F95FD9A09}.Debug|x86.ActiveCfg = Debug|Any CPU
		{BE5083C7-4CB4-45D7-B1D0-228F95FD9A09}.Debug|x86.Build.0 = Debug|Any CPU
		{BE5083C7-4CB4-45D7-B1D0-228F95FD9A09}.Release|Any CPU.ActiveCfg = Release|Any CPU
		{BE5083C7-4CB4-45D7-B1D0-228F95FD9A09}.Release|Any CPU.Build.0 = Release|Any CPU
		{BE5083C7-4CB4-45D7-B1D0-228F95FD9A09}.Release|x64.ActiveCfg = Release|Any CPU
		{BE5083C7-4CB4-45D7-B1D0-228F95FD9A09}.Release|x64.Build.0 = Release|Any CPU
		{BE5083C7-4CB4-45D7-B1D0-228F95FD9A09}.Release|x86.ActiveCfg = Release|Any CPU
		{BE5083C7-4CB4-45D7-B1D0-228F95FD9A09}.Release|x86.Build.0 = Release|Any CPU
		{E9C2836F-A9A5-47D6-AF94-311C58F5A452}.Debug|Any CPU.ActiveCfg = Debug|Any CPU
		{E9C2836F-A9A5-47D6-AF94-311C58F5A452}.Debug|Any CPU.Build.0 = Debug|Any CPU
		{E9C2836F-A9A5-47D6-AF94-311C58F5A452}.Debug|x64.ActiveCfg = Debug|Any CPU
		{E9C2836F-A9A5-47D6-AF94-311C58F5A452}.Debug|x64.Build.0 = Debug|Any CPU
		{E9C2836F-A9A5-47D6-AF94-311C58F5A452}.Debug|x86.ActiveCfg = Debug|Any CPU
		{E9C2836F-A9A5-47D6-AF94-311C58F5A452}.Debug|x86.Build.0 = Debug|Any CPU
		{E9C2836F-A9A5-47D6-AF94-311C58F5A452}.Release|Any CPU.ActiveCfg = Release|Any CPU
		{E9C2836F-A9A5-47D6-AF94-311C58F5A452}.Release|Any CPU.Build.0 = Release|Any CPU
		{E9C2836F-A9A5-47D6-AF94-311C58F5A452}.Release|x64.ActiveCfg = Release|Any CPU
		{E9C2836F-A9A5-47D6-AF94-311C58F5A452}.Release|x64.Build.0 = Release|Any CPU
		{E9C2836F-A9A5-47D6-AF94-311C58F5A452}.Release|x86.ActiveCfg = Release|Any CPU
		{E9C2836F-A9A5-47D6-AF94-311C58F5A452}.Release|x86.Build.0 = Release|Any CPU
		{4A92590B-4C5B-49A2-A761-592C57A8DCE2}.Debug|Any CPU.ActiveCfg = Debug|Any CPU
		{4A92590B-4C5B-49A2-A761-592C57A8DCE2}.Debug|Any CPU.Build.0 = Debug|Any CPU
		{4A92590B-4C5B-49A2-A761-592C57A8DCE2}.Debug|x64.ActiveCfg = Debug|Any CPU
		{4A92590B-4C5B-49A2-A761-592C57A8DCE2}.Debug|x64.Build.0 = Debug|Any CPU
		{4A92590B-4C5B-49A2-A761-592C57A8DCE2}.Debug|x86.ActiveCfg = Debug|Any CPU
		{4A92590B-4C5B-49A2-A761-592C57A8DCE2}.Debug|x86.Build.0 = Debug|Any CPU
		{4A92590B-4C5B-49A2-A761-592C57A8DCE2}.Release|Any CPU.ActiveCfg = Release|Any CPU
		{4A92590B-4C5B-49A2-A761-592C57A8DCE2}.Release|Any CPU.Build.0 = Release|Any CPU
		{4A92590B-4C5B-49A2-A761-592C57A8DCE2}.Release|x64.ActiveCfg = Release|Any CPU
		{4A92590B-4C5B-49A2-A761-592C57A8DCE2}.Release|x64.Build.0 = Release|Any CPU
		{4A92590B-4C5B-49A2-A761-592C57A8DCE2}.Release|x86.ActiveCfg = Release|Any CPU
		{4A92590B-4C5B-49A2-A761-592C57A8DCE2}.Release|x86.Build.0 = Release|Any CPU
		{95899FE2-766A-4DC2-AE1A-EA26EB48508C}.Debug|Any CPU.ActiveCfg = Debug|Any CPU
		{95899FE2-766A-4DC2-AE1A-EA26EB48508C}.Debug|Any CPU.Build.0 = Debug|Any CPU
		{95899FE2-766A-4DC2-AE1A-EA26EB48508C}.Debug|x64.ActiveCfg = Debug|Any CPU
		{95899FE2-766A-4DC2-AE1A-EA26EB48508C}.Debug|x64.Build.0 = Debug|Any CPU
		{95899FE2-766A-4DC2-AE1A-EA26EB48508C}.Debug|x86.ActiveCfg = Debug|Any CPU
		{95899FE2-766A-4DC2-AE1A-EA26EB48508C}.Debug|x86.Build.0 = Debug|Any CPU
		{95899FE2-766A-4DC2-AE1A-EA26EB48508C}.Release|Any CPU.ActiveCfg = Release|Any CPU
		{95899FE2-766A-4DC2-AE1A-EA26EB48508C}.Release|Any CPU.Build.0 = Release|Any CPU
		{95899FE2-766A-4DC2-AE1A-EA26EB48508C}.Release|x64.ActiveCfg = Release|Any CPU
		{95899FE2-766A-4DC2-AE1A-EA26EB48508C}.Release|x64.Build.0 = Release|Any CPU
		{95899FE2-766A-4DC2-AE1A-EA26EB48508C}.Release|x86.ActiveCfg = Release|Any CPU
		{95899FE2-766A-4DC2-AE1A-EA26EB48508C}.Release|x86.Build.0 = Release|Any CPU
		{1935F064-00BA-443A-BD41-9E534FF81418}.Debug|Any CPU.ActiveCfg = Debug|Any CPU
		{1935F064-00BA-443A-BD41-9E534FF81418}.Debug|Any CPU.Build.0 = Debug|Any CPU
		{1935F064-00BA-443A-BD41-9E534FF81418}.Debug|x64.ActiveCfg = Debug|Any CPU
		{1935F064-00BA-443A-BD41-9E534FF81418}.Debug|x64.Build.0 = Debug|Any CPU
		{1935F064-00BA-443A-BD41-9E534FF81418}.Debug|x86.ActiveCfg = Debug|Any CPU
		{1935F064-00BA-443A-BD41-9E534FF81418}.Debug|x86.Build.0 = Debug|Any CPU
		{1935F064-00BA-443A-BD41-9E534FF81418}.Release|Any CPU.ActiveCfg = Release|Any CPU
		{1935F064-00BA-443A-BD41-9E534FF81418}.Release|Any CPU.Build.0 = Release|Any CPU
		{1935F064-00BA-443A-BD41-9E534FF81418}.Release|x64.ActiveCfg = Release|Any CPU
		{1935F064-00BA-443A-BD41-9E534FF81418}.Release|x64.Build.0 = Release|Any CPU
		{1935F064-00BA-443A-BD41-9E534FF81418}.Release|x86.ActiveCfg = Release|Any CPU
		{1935F064-00BA-443A-BD41-9E534FF81418}.Release|x86.Build.0 = Release|Any CPU
		{C3659C3B-FD44-4A78-99C7-45E6ABB07650}.Debug|Any CPU.ActiveCfg = Debug|Any CPU
		{C3659C3B-FD44-4A78-99C7-45E6ABB07650}.Debug|Any CPU.Build.0 = Debug|Any CPU
		{C3659C3B-FD44-4A78-99C7-45E6ABB07650}.Debug|x64.ActiveCfg = Debug|Any CPU
		{C3659C3B-FD44-4A78-99C7-45E6ABB07650}.Debug|x64.Build.0 = Debug|Any CPU
		{C3659C3B-FD44-4A78-99C7-45E6ABB07650}.Debug|x86.ActiveCfg = Debug|Any CPU
		{C3659C3B-FD44-4A78-99C7-45E6ABB07650}.Debug|x86.Build.0 = Debug|Any CPU
		{C3659C3B-FD44-4A78-99C7-45E6ABB07650}.Release|Any CPU.ActiveCfg = Release|Any CPU
		{C3659C3B-FD44-4A78-99C7-45E6ABB07650}.Release|Any CPU.Build.0 = Release|Any CPU
		{C3659C3B-FD44-4A78-99C7-45E6ABB07650}.Release|x64.ActiveCfg = Release|Any CPU
		{C3659C3B-FD44-4A78-99C7-45E6ABB07650}.Release|x64.Build.0 = Release|Any CPU
		{C3659C3B-FD44-4A78-99C7-45E6ABB07650}.Release|x86.ActiveCfg = Release|Any CPU
		{C3659C3B-FD44-4A78-99C7-45E6ABB07650}.Release|x86.Build.0 = Release|Any CPU
		{36AC0019-029A-4041-957F-018CB8310D18}.Debug|Any CPU.ActiveCfg = Debug|Any CPU
		{36AC0019-029A-4041-957F-018CB8310D18}.Debug|Any CPU.Build.0 = Debug|Any CPU
		{36AC0019-029A-4041-957F-018CB8310D18}.Debug|x64.ActiveCfg = Debug|Any CPU
		{36AC0019-029A-4041-957F-018CB8310D18}.Debug|x64.Build.0 = Debug|Any CPU
		{36AC0019-029A-4041-957F-018CB8310D18}.Debug|x86.ActiveCfg = Debug|Any CPU
		{36AC0019-029A-4041-957F-018CB8310D18}.Debug|x86.Build.0 = Debug|Any CPU
		{36AC0019-029A-4041-957F-018CB8310D18}.Release|Any CPU.ActiveCfg = Release|Any CPU
		{36AC0019-029A-4041-957F-018CB8310D18}.Release|Any CPU.Build.0 = Release|Any CPU
		{36AC0019-029A-4041-957F-018CB8310D18}.Release|x64.ActiveCfg = Release|Any CPU
		{36AC0019-029A-4041-957F-018CB8310D18}.Release|x64.Build.0 = Release|Any CPU
		{36AC0019-029A-4041-957F-018CB8310D18}.Release|x86.ActiveCfg = Release|Any CPU
		{36AC0019-029A-4041-957F-018CB8310D18}.Release|x86.Build.0 = Release|Any CPU
		{3C60A065-4BE6-4A32-B8C3-00A2C59FE0BB}.Debug|Any CPU.ActiveCfg = Debug|Any CPU
		{3C60A065-4BE6-4A32-B8C3-00A2C59FE0BB}.Debug|Any CPU.Build.0 = Debug|Any CPU
		{3C60A065-4BE6-4A32-B8C3-00A2C59FE0BB}.Debug|x64.ActiveCfg = Debug|Any CPU
		{3C60A065-4BE6-4A32-B8C3-00A2C59FE0BB}.Debug|x64.Build.0 = Debug|Any CPU
		{3C60A065-4BE6-4A32-B8C3-00A2C59FE0BB}.Debug|x86.ActiveCfg = Debug|Any CPU
		{3C60A065-4BE6-4A32-B8C3-00A2C59FE0BB}.Debug|x86.Build.0 = Debug|Any CPU
		{3C60A065-4BE6-4A32-B8C3-00A2C59FE0BB}.Release|Any CPU.ActiveCfg = Release|Any CPU
		{3C60A065-4BE6-4A32-B8C3-00A2C59FE0BB}.Release|Any CPU.Build.0 = Release|Any CPU
		{3C60A065-4BE6-4A32-B8C3-00A2C59FE0BB}.Release|x64.ActiveCfg = Release|Any CPU
		{3C60A065-4BE6-4A32-B8C3-00A2C59FE0BB}.Release|x64.Build.0 = Release|Any CPU
		{3C60A065-4BE6-4A32-B8C3-00A2C59FE0BB}.Release|x86.ActiveCfg = Release|Any CPU
		{3C60A065-4BE6-4A32-B8C3-00A2C59FE0BB}.Release|x86.Build.0 = Release|Any CPU
	EndGlobalSection
	GlobalSection(SolutionProperties) = preSolution
		HideSolutionNode = FALSE
	EndGlobalSection
	GlobalSection(ExtensibilityGlobals) = postSolution
		SolutionGuid = {3A3C3A30-0288-4434-91CB-65C96B7B1EBE}
	EndGlobalSection
EndGlobal
